// !$*UTF8*$!
{
	archiveVersion = 1;
	classes = {
	};
	objectVersion = 50;
	objects = {

/* Begin PBXBuildFile section */
		3BA297B220AEB0B3000BCB70 /* AppDelegate.swift in Sources */ = {isa = PBXBuildFile; fileRef = 3BA297B120AEB0B3000BCB70 /* AppDelegate.swift */; };
		3BA297B420AEB0B3000BCB70 /* ViewController.swift in Sources */ = {isa = PBXBuildFile; fileRef = 3BA297B320AEB0B3000BCB70 /* ViewController.swift */; };
		3BA297B720AEB0B3000BCB70 /* Main.storyboard in Resources */ = {isa = PBXBuildFile; fileRef = 3BA297B520AEB0B3000BCB70 /* Main.storyboard */; };
		3BA297B920AEB0B3000BCB70 /* Assets.xcassets in Resources */ = {isa = PBXBuildFile; fileRef = 3BA297B820AEB0B3000BCB70 /* Assets.xcassets */; };
		3BA297BC20AEB0B3000BCB70 /* LaunchScreen.storyboard in Resources */ = {isa = PBXBuildFile; fileRef = 3BA297BA20AEB0B3000BCB70 /* LaunchScreen.storyboard */; };
		3BA297C720AEB0B3000BCB70 /* ExampleTests.swift in Sources */ = {isa = PBXBuildFile; fileRef = 3BA297C620AEB0B3000BCB70 /* ExampleTests.swift */; };
		3BA297D220AEB0B4000BCB70 /* ExampleUITests.swift in Sources */ = {isa = PBXBuildFile; fileRef = 3BA297D120AEB0B4000BCB70 /* ExampleUITests.swift */; };
		3BA297E020AEB0C9000BCB70 /* MenuBtnView.swift in Sources */ = {isa = PBXBuildFile; fileRef = 3BA297DF20AEB0C8000BCB70 /* MenuBtnView.swift */; };
/* End PBXBuildFile section */

/* Begin PBXContainerItemProxy section */
		3BA297C320AEB0B3000BCB70 /* PBXContainerItemProxy */ = {
			isa = PBXContainerItemProxy;
			containerPortal = 3BA297A620AEB0B3000BCB70 /* Project object */;
			proxyType = 1;
			remoteGlobalIDString = 3BA297AD20AEB0B3000BCB70;
			remoteInfo = Example;
		};
		3BA297CE20AEB0B4000BCB70 /* PBXContainerItemProxy */ = {
			isa = PBXContainerItemProxy;
			containerPortal = 3BA297A620AEB0B3000BCB70 /* Project object */;
			proxyType = 1;
			remoteGlobalIDString = 3BA297AD20AEB0B3000BCB70;
			remoteInfo = Example;
		};
/* End PBXContainerItemProxy section */

/* Begin PBXFileReference section */
		3BA297AE20AEB0B3000BCB70 /* Example.app */ = {isa = PBXFileReference; explicitFileType = wrapper.application; includeInIndex = 0; path = Example.app; sourceTree = BUILT_PRODUCTS_DIR; };
		3BA297B120AEB0B3000BCB70 /* AppDelegate.swift */ = {isa = PBXFileReference; lastKnownFileType = sourcecode.swift; path = AppDelegate.swift; sourceTree = "<group>"; };
		3BA297B320AEB0B3000BCB70 /* ViewController.swift */ = {isa = PBXFileReference; lastKnownFileType = sourcecode.swift; path = ViewController.swift; sourceTree = "<group>"; };
		3BA297B620AEB0B3000BCB70 /* Base */ = {isa = PBXFileReference; lastKnownFileType = file.storyboard; name = Base; path = Base.lproj/Main.storyboard; sourceTree = "<group>"; };
		3BA297B820AEB0B3000BCB70 /* Assets.xcassets */ = {isa = PBXFileReference; lastKnownFileType = folder.assetcatalog; path = Assets.xcassets; sourceTree = "<group>"; };
		3BA297BB20AEB0B3000BCB70 /* Base */ = {isa = PBXFileReference; lastKnownFileType = file.storyboard; name = Base; path = Base.lproj/LaunchScreen.storyboard; sourceTree = "<group>"; };
		3BA297BD20AEB0B3000BCB70 /* Info.plist */ = {isa = PBXFileReference; lastKnownFileType = text.plist.xml; path = Info.plist; sourceTree = "<group>"; };
		3BA297C220AEB0B3000BCB70 /* ExampleTests.xctest */ = {isa = PBXFileReference; explicitFileType = wrapper.cfbundle; includeInIndex = 0; path = ExampleTests.xctest; sourceTree = BUILT_PRODUCTS_DIR; };
		3BA297C620AEB0B3000BCB70 /* ExampleTests.swift */ = {isa = PBXFileReference; lastKnownFileType = sourcecode.swift; path = ExampleTests.swift; sourceTree = "<group>"; };
		3BA297C820AEB0B4000BCB70 /* Info.plist */ = {isa = PBXFileReference; lastKnownFileType = text.plist.xml; path = Info.plist; sourceTree = "<group>"; };
		3BA297CD20AEB0B4000BCB70 /* ExampleUITests.xctest */ = {isa = PBXFileReference; explicitFileType = wrapper.cfbundle; includeInIndex = 0; path = ExampleUITests.xctest; sourceTree = BUILT_PRODUCTS_DIR; };
		3BA297D120AEB0B4000BCB70 /* ExampleUITests.swift */ = {isa = PBXFileReference; lastKnownFileType = sourcecode.swift; path = ExampleUITests.swift; sourceTree = "<group>"; };
		3BA297D320AEB0B4000BCB70 /* Info.plist */ = {isa = PBXFileReference; lastKnownFileType = text.plist.xml; path = Info.plist; sourceTree = "<group>"; };
		3BA297DF20AEB0C8000BCB70 /* MenuBtnView.swift */ = {isa = PBXFileReference; fileEncoding = 4; lastKnownFileType = sourcecode.swift; path = MenuBtnView.swift; sourceTree = "<group>"; };
/* End PBXFileReference section */

/* Begin PBXFrameworksBuildPhase section */
		3BA297AB20AEB0B3000BCB70 /* Frameworks */ = {
			isa = PBXFrameworksBuildPhase;
			buildActionMask = 2147483647;
			files = (
			);
			runOnlyForDeploymentPostprocessing = 0;
		};
		3BA297BF20AEB0B3000BCB70 /* Frameworks */ = {
			isa = PBXFrameworksBuildPhase;
			buildActionMask = 2147483647;
			files = (
			);
			runOnlyForDeploymentPostprocessing = 0;
		};
		3BA297CA20AEB0B4000BCB70 /* Frameworks */ = {
			isa = PBXFrameworksBuildPhase;
			buildActionMask = 2147483647;
			files = (
			);
			runOnlyForDeploymentPostprocessing = 0;
		};
/* End PBXFrameworksBuildPhase section */

/* Begin PBXGroup section */
		3BA297A520AEB0B3000BCB70 = {
			isa = PBXGroup;
			children = (
				3BA297B020AEB0B3000BCB70 /* Example */,
				3BA297C520AEB0B3000BCB70 /* ExampleTests */,
				3BA297D020AEB0B4000BCB70 /* ExampleUITests */,
				3BA297AF20AEB0B3000BCB70 /* Products */,
			);
			sourceTree = "<group>";
		};
		3BA297AF20AEB0B3000BCB70 /* Products */ = {
			isa = PBXGroup;
			children = (
				3BA297AE20AEB0B3000BCB70 /* Example.app */,
				3BA297C220AEB0B3000BCB70 /* ExampleTests.xctest */,
				3BA297CD20AEB0B4000BCB70 /* ExampleUITests.xctest */,
			);
			name = Products;
			sourceTree = "<group>";
		};
		3BA297B020AEB0B3000BCB70 /* Example */ = {
			isa = PBXGroup;
			children = (
				3BA297DF20AEB0C8000BCB70 /* MenuBtnView.swift */,
				3BA297B120AEB0B3000BCB70 /* AppDelegate.swift */,
				3BA297B320AEB0B3000BCB70 /* ViewController.swift */,
				3BA297B520AEB0B3000BCB70 /* Main.storyboard */,
				3BA297B820AEB0B3000BCB70 /* Assets.xcassets */,
				3BA297BA20AEB0B3000BCB70 /* LaunchScreen.storyboard */,
				3BA297BD20AEB0B3000BCB70 /* Info.plist */,
			);
			path = Example;
			sourceTree = "<group>";
		};
		3BA297C520AEB0B3000BCB70 /* ExampleTests */ = {
			isa = PBXGroup;
			children = (
				3BA297C620AEB0B3000BCB70 /* ExampleTests.swift */,
				3BA297C820AEB0B4000BCB70 /* Info.plist */,
			);
			path = ExampleTests;
			sourceTree = "<group>";
		};
		3BA297D020AEB0B4000BCB70 /* ExampleUITests */ = {
			isa = PBXGroup;
			children = (
				3BA297D120AEB0B4000BCB70 /* ExampleUITests.swift */,
				3BA297D320AEB0B4000BCB70 /* Info.plist */,
			);
			path = ExampleUITests;
			sourceTree = "<group>";
		};
/* End PBXGroup section */

/* Begin PBXNativeTarget section */
		3BA297AD20AEB0B3000BCB70 /* Example */ = {
			isa = PBXNativeTarget;
			buildConfigurationList = 3BA297D620AEB0B4000BCB70 /* Build configuration list for PBXNativeTarget "Example" */;
			buildPhases = (
				3BA297AA20AEB0B3000BCB70 /* Sources */,
				3BA297AB20AEB0B3000BCB70 /* Frameworks */,
				3BA297AC20AEB0B3000BCB70 /* Resources */,
			);
			buildRules = (
			);
			dependencies = (
			);
			name = Example;
			productName = Example;
			productReference = 3BA297AE20AEB0B3000BCB70 /* Example.app */;
			productType = "com.apple.product-type.application";
		};
		3BA297C120AEB0B3000BCB70 /* ExampleTests */ = {
			isa = PBXNativeTarget;
			buildConfigurationList = 3BA297D920AEB0B4000BCB70 /* Build configuration list for PBXNativeTarget "ExampleTests" */;
			buildPhases = (
				3BA297BE20AEB0B3000BCB70 /* Sources */,
				3BA297BF20AEB0B3000BCB70 /* Frameworks */,
				3BA297C020AEB0B3000BCB70 /* Resources */,
			);
			buildRules = (
			);
			dependencies = (
				3BA297C420AEB0B3000BCB70 /* PBXTargetDependency */,
			);
			name = ExampleTests;
			productName = ExampleTests;
			productReference = 3BA297C220AEB0B3000BCB70 /* ExampleTests.xctest */;
			productType = "com.apple.product-type.bundle.unit-test";
		};
		3BA297CC20AEB0B4000BCB70 /* ExampleUITests */ = {
			isa = PBXNativeTarget;
			buildConfigurationList = 3BA297DC20AEB0B4000BCB70 /* Build configuration list for PBXNativeTarget "ExampleUITests" */;
			buildPhases = (
				3BA297C920AEB0B4000BCB70 /* Sources */,
				3BA297CA20AEB0B4000BCB70 /* Frameworks */,
				3BA297CB20AEB0B4000BCB70 /* Resources */,
			);
			buildRules = (
			);
			dependencies = (
				3BA297CF20AEB0B4000BCB70 /* PBXTargetDependency */,
			);
			name = ExampleUITests;
			productName = ExampleUITests;
			productReference = 3BA297CD20AEB0B4000BCB70 /* ExampleUITests.xctest */;
			productType = "com.apple.product-type.bundle.ui-testing";
		};
/* End PBXNativeTarget section */

/* Begin PBXProject section */
		3BA297A620AEB0B3000BCB70 /* Project object */ = {
			isa = PBXProject;
			attributes = {
				LastSwiftUpdateCheck = 0930;
				LastUpgradeCheck = 0930;
				ORGANIZATIONNAME = dgut.com;
				TargetAttributes = {
					3BA297AD20AEB0B3000BCB70 = {
						CreatedOnToolsVersion = 9.3;
					};
					3BA297C120AEB0B3000BCB70 = {
						CreatedOnToolsVersion = 9.3;
						TestTargetID = 3BA297AD20AEB0B3000BCB70;
					};
					3BA297CC20AEB0B4000BCB70 = {
						CreatedOnToolsVersion = 9.3;
						TestTargetID = 3BA297AD20AEB0B3000BCB70;
					};
				};
			};
			buildConfigurationList = 3BA297A920AEB0B3000BCB70 /* Build configuration list for PBXProject "Example" */;
			compatibilityVersion = "Xcode 9.3";
			developmentRegion = en;
			hasScannedForEncodings = 0;
			knownRegions = (
				en,
				Base,
			);
			mainGroup = 3BA297A520AEB0B3000BCB70;
			productRefGroup = 3BA297AF20AEB0B3000BCB70 /* Products */;
			projectDirPath = "";
			projectRoot = "";
			targets = (
				3BA297AD20AEB0B3000BCB70 /* Example */,
				3BA297C120AEB0B3000BCB70 /* ExampleTests */,
				3BA297CC20AEB0B4000BCB70 /* ExampleUITests */,
			);
		};
/* End PBXProject section */

/* Begin PBXResourcesBuildPhase section */
		3BA297AC20AEB0B3000BCB70 /* Resources */ = {
			isa = PBXResourcesBuildPhase;
			buildActionMask = 2147483647;
			files = (
				3BA297BC20AEB0B3000BCB70 /* LaunchScreen.storyboard in Resources */,
				3BA297B920AEB0B3000BCB70 /* Assets.xcassets in Resources */,
				3BA297B720AEB0B3000BCB70 /* Main.storyboard in Resources */,
			);
			runOnlyForDeploymentPostprocessing = 0;
		};
		3BA297C020AEB0B3000BCB70 /* Resources */ = {
			isa = PBXResourcesBuildPhase;
			buildActionMask = 2147483647;
			files = (
			);
			runOnlyForDeploymentPostprocessing = 0;
		};
		3BA297CB20AEB0B4000BCB70 /* Resources */ = {
			isa = PBXResourcesBuildPhase;
			buildActionMask = 2147483647;
			files = (
			);
			runOnlyForDeploymentPostprocessing = 0;
		};
/* End PBXResourcesBuildPhase section */

/* Begin PBXSourcesBuildPhase section */
		3BA297AA20AEB0B3000BCB70 /* Sources */ = {
			isa = PBXSourcesBuildPhase;
			buildActionMask = 2147483647;
			files = (
				3BA297B420AEB0B3000BCB70 /* ViewController.swift in Sources */,
				3BA297E020AEB0C9000BCB70 /* MenuBtnView.swift in Sources */,
				3BA297B220AEB0B3000BCB70 /* AppDelegate.swift in Sources */,
			);
			runOnlyForDeploymentPostprocessing = 0;
		};
		3BA297BE20AEB0B3000BCB70 /* Sources */ = {
			isa = PBXSourcesBuildPhase;
			buildActionMask = 2147483647;
			files = (
				3BA297C720AEB0B3000BCB70 /* ExampleTests.swift in Sources */,
			);
			runOnlyForDeploymentPostprocessing = 0;
		};
		3BA297C920AEB0B4000BCB70 /* Sources */ = {
			isa = PBXSourcesBuildPhase;
			buildActionMask = 2147483647;
			files = (
				3BA297D220AEB0B4000BCB70 /* ExampleUITests.swift in Sources */,
			);
			runOnlyForDeploymentPostprocessing = 0;
		};
/* End PBXSourcesBuildPhase section */

/* Begin PBXTargetDependency section */
		3BA297C420AEB0B3000BCB70 /* PBXTargetDependency */ = {
			isa = PBXTargetDependency;
			target = 3BA297AD20AEB0B3000BCB70 /* Example */;
			targetProxy = 3BA297C320AEB0B3000BCB70 /* PBXContainerItemProxy */;
		};
		3BA297CF20AEB0B4000BCB70 /* PBXTargetDependency */ = {
			isa = PBXTargetDependency;
			target = 3BA297AD20AEB0B3000BCB70 /* Example */;
			targetProxy = 3BA297CE20AEB0B4000BCB70 /* PBXContainerItemProxy */;
		};
/* End PBXTargetDependency section */

/* Begin PBXVariantGroup section */
		3BA297B520AEB0B3000BCB70 /* Main.storyboard */ = {
			isa = PBXVariantGroup;
			children = (
				3BA297B620AEB0B3000BCB70 /* Base */,
			);
			name = Main.storyboard;
			sourceTree = "<group>";
		};
		3BA297BA20AEB0B3000BCB70 /* LaunchScreen.storyboard */ = {
			isa = PBXVariantGroup;
			children = (
				3BA297BB20AEB0B3000BCB70 /* Base */,
			);
			name = LaunchScreen.storyboard;
			sourceTree = "<group>";
		};
/* End PBXVariantGroup section */

/* Begin XCBuildConfiguration section */
		3BA297D420AEB0B4000BCB70 /* Debug */ = {
			isa = XCBuildConfiguration;
			buildSettings = {
				ALWAYS_SEARCH_USER_PATHS = NO;
				CLANG_ANALYZER_NONNULL = YES;
				CLANG_ANALYZER_NUMBER_OBJECT_CONVERSION = YES_AGGRESSIVE;
				CLANG_CXX_LANGUAGE_STANDARD = "gnu++14";
				CLANG_CXX_LIBRARY = "libc++";
				CLANG_ENABLE_MODULES = YES;
				CLANG_ENABLE_OBJC_ARC = YES;
				CLANG_ENABLE_OBJC_WEAK = YES;
				CLANG_WARN_BLOCK_CAPTURE_AUTORELEASING = YES;
				CLANG_WARN_BOOL_CONVERSION = YES;
				CLANG_WARN_COMMA = YES;
				CLANG_WARN_CONSTANT_CONVERSION = YES;
				CLANG_WARN_DEPRECATED_OBJC_IMPLEMENTATIONS = YES;
				CLANG_WARN_DIRECT_OBJC_ISA_USAGE = YES_ERROR;
				CLANG_WARN_DOCUMENTATION_COMMENTS = YES;
				CLANG_WARN_EMPTY_BODY = YES;
				CLANG_WARN_ENUM_CONVERSION = YES;
				CLANG_WARN_INFINITE_RECURSION = YES;
				CLANG_WARN_INT_CONVERSION = YES;
				CLANG_WARN_NON_LITERAL_NULL_CONVERSION = YES;
				CLANG_WARN_OBJC_IMPLICIT_RETAIN_SELF = YES;
				CLANG_WARN_OBJC_LITERAL_CONVERSION = YES;
				CLANG_WARN_OBJC_ROOT_CLASS = YES_ERROR;
				CLANG_WARN_RANGE_LOOP_ANALYSIS = YES;
				CLANG_WARN_STRICT_PROTOTYPES = YES;
				CLANG_WARN_SUSPICIOUS_MOVE = YES;
				CLANG_WARN_UNGUARDED_AVAILABILITY = YES_AGGRESSIVE;
				CLANG_WARN_UNREACHABLE_CODE = YES;
				CLANG_WARN__DUPLICATE_METHOD_MATCH = YES;
				CODE_SIGN_IDENTITY = "iPhone Developer";
				COPY_PHASE_STRIP = NO;
				DEBUG_INFORMATION_FORMAT = dwarf;
				ENABLE_STRICT_OBJC_MSGSEND = YES;
				ENABLE_TESTABILITY = YES;
				GCC_C_LANGUAGE_STANDARD = gnu11;
				GCC_DYNAMIC_NO_PIC = NO;
				GCC_NO_COMMON_BLOCKS = YES;
				GCC_OPTIMIZATION_LEVEL = 0;
				GCC_PREPROCESSOR_DEFINITIONS = (
					"DEBUG=1",
					"$(inherited)",
				);
				GCC_WARN_64_TO_32_BIT_CONVERSION = YES;
				GCC_WARN_ABOUT_RETURN_TYPE = YES_ERROR;
				GCC_WARN_UNDECLARED_SELECTOR = YES;
				GCC_WARN_UNINITIALIZED_AUTOS = YES_AGGRESSIVE;
				GCC_WARN_UNUSED_FUNCTION = YES;
				GCC_WARN_UNUSED_VARIABLE = YES;
				IPHONEOS_DEPLOYMENT_TARGET = 11.3;
				MTL_ENABLE_DEBUG_INFO = YES;
				ONLY_ACTIVE_ARCH = YES;
				SDKROOT = iphoneos;
				SWIFT_ACTIVE_COMPILATION_CONDITIONS = DEBUG;
				SWIFT_OPTIMIZATION_LEVEL = "-Onone";
			};
			name = Debug;
		};
		3BA297D520AEB0B4000BCB70 /* Release */ = {
			isa = XCBuildConfiguration;
			buildSettings = {
				ALWAYS_SEARCH_USER_PATHS = NO;
				CLANG_ANALYZER_NONNULL = YES;
				CLANG_ANALYZER_NUMBER_OBJECT_CONVERSION = YES_AGGRESSIVE;
				CLANG_CXX_LANGUAGE_STANDARD = "gnu++14";
				CLANG_CXX_LIBRARY = "libc++";
				CLANG_ENABLE_MODULES = YES;
				CLANG_ENABLE_OBJC_ARC = YES;
				CLANG_ENABLE_OBJC_WEAK = YES;
				CLANG_WARN_BLOCK_CAPTURE_AUTORELEASING = YES;
				CLANG_WARN_BOOL_CONVERSION = YES;
				CLANG_WARN_COMMA = YES;
				CLANG_WARN_CONSTANT_CONVERSION = YES;
				CLANG_WARN_DEPRECATED_OBJC_IMPLEMENTATIONS = YES;
				CLANG_WARN_DIRECT_OBJC_ISA_USAGE = YES_ERROR;
				CLANG_WARN_DOCUMENTATION_COMMENTS = YES;
				CLANG_WARN_EMPTY_BODY = YES;
				CLANG_WARN_ENUM_CONVERSION = YES;
				CLANG_WARN_INFINITE_RECURSION = YES;
				CLANG_WARN_INT_CONVERSION = YES;
				CLANG_WARN_NON_LITERAL_NULL_CONVERSION = YES;
				CLANG_WARN_OBJC_IMPLICIT_RETAIN_SELF = YES;
				CLANG_WARN_OBJC_LITERAL_CONVERSION = YES;
				CLANG_WARN_OBJC_ROOT_CLASS = YES_ERROR;
				CLANG_WARN_RANGE_LOOP_ANALYSIS = YES;
				CLANG_WARN_STRICT_PROTOTYPES = YES;
				CLANG_WARN_SUSPICIOUS_MOVE = YES;
				CLANG_WARN_UNGUARDED_AVAILABILITY = YES_AGGRESSIVE;
				CLANG_WARN_UNREACHABLE_CODE = YES;
				CLANG_WARN__DUPLICATE_METHOD_MATCH = YES;
				CODE_SIGN_IDENTITY = "iPhone Developer";
				COPY_PHASE_STRIP = NO;
				DEBUG_INFORMATION_FORMAT = "dwarf-with-dsym";
				ENABLE_NS_ASSERTIONS = NO;
				ENABLE_STRICT_OBJC_MSGSEND = YES;
				GCC_C_LANGUAGE_STANDARD = gnu11;
				GCC_NO_COMMON_BLOCKS = YES;
				GCC_WARN_64_TO_32_BIT_CONVERSION = YES;
				GCC_WARN_ABOUT_RETURN_TYPE = YES_ERROR;
				GCC_WARN_UNDECLARED_SELECTOR = YES;
				GCC_WARN_UNINITIALIZED_AUTOS = YES_AGGRESSIVE;
				GCC_WARN_UNUSED_FUNCTION = YES;
				GCC_WARN_UNUSED_VARIABLE = YES;
				IPHONEOS_DEPLOYMENT_TARGET = 11.3;
				MTL_ENABLE_DEBUG_INFO = NO;
				SDKROOT = iphoneos;
				SWIFT_COMPILATION_MODE = wholemodule;
				SWIFT_OPTIMIZATION_LEVEL = "-O";
				VALIDATE_PRODUCT = YES;
			};
			name = Release;
		};
		3BA297D720AEB0B4000BCB70 /* Debug */ = {
			isa = XCBuildConfiguration;
			buildSettings = {
				ASSETCATALOG_COMPILER_APPICON_NAME = AppIcon;
				CODE_SIGN_STYLE = Automatic;
				DEVELOPMENT_TEAM = E4N47T5ZS7;
				INFOPLIST_FILE = Example/Info.plist;
				LD_RUNPATH_SEARCH_PATHS = (
					"$(inherited)",
					"@executable_path/Frameworks",
				);
				PRODUCT_BUNDLE_IDENTIFIER = dgut.Example;
				PRODUCT_NAME = "$(TARGET_NAME)";
				SWIFT_VERSION = 5.0;
				TARGETED_DEVICE_FAMILY = "1,2";
			};
			name = Debug;
		};
		3BA297D820AEB0B4000BCB70 /* Release */ = {
			isa = XCBuildConfiguration;
			buildSettings = {
				ASSETCATALOG_COMPILER_APPICON_NAME = AppIcon;
				CODE_SIGN_STYLE = Automatic;
				DEVELOPMENT_TEAM = E4N47T5ZS7;
				INFOPLIST_FILE = Example/Info.plist;
				LD_RUNPATH_SEARCH_PATHS = (
					"$(inherited)",
					"@executable_path/Frameworks",
				);
				PRODUCT_BUNDLE_IDENTIFIER = dgut.Example;
				PRODUCT_NAME = "$(TARGET_NAME)";
				SWIFT_VERSION = 5.0;
				TARGETED_DEVICE_FAMILY = "1,2";
			};
			name = Release;
		};
		3BA297DA20AEB0B4000BCB70 /* Debug */ = {
			isa = XCBuildConfiguration;
			buildSettings = {
				ALWAYS_EMBED_SWIFT_STANDARD_LIBRARIES = YES;
				BUNDLE_LOADER = "$(TEST_HOST)";
				CODE_SIGN_STYLE = Automatic;
				DEVELOPMENT_TEAM = E4N47T5ZS7;
				INFOPLIST_FILE = ExampleTests/Info.plist;
				LD_RUNPATH_SEARCH_PATHS = (
					"$(inherited)",
					"@executable_path/Frameworks",
					"@loader_path/Frameworks",
				);
				PRODUCT_BUNDLE_IDENTIFIER = dgut.ExampleTests;
				PRODUCT_NAME = "$(TARGET_NAME)";
				SWIFT_VERSION = 4.0;
				TARGETED_DEVICE_FAMILY = "1,2";
				TEST_HOST = "$(BUILT_PRODUCTS_DIR)/Example.app/Example";
			};
			name = Debug;
		};
		3BA297DB20AEB0B4000BCB70 /* Release */ = {
			isa = XCBuildConfiguration;
			buildSettings = {
				ALWAYS_EMBED_SWIFT_STANDARD_LIBRARIES = YES;
				BUNDLE_LOADER = "$(TEST_HOST)";
				CODE_SIGN_STYLE = Automatic;
				DEVELOPMENT_TEAM = E4N47T5ZS7;
				INFOPLIST_FILE = ExampleTests/Info.plist;
				LD_RUNPATH_SEARCH_PATHS = (
					"$(inherited)",
					"@executable_path/Frameworks",
					"@loader_path/Frameworks",
				);
				PRODUCT_BUNDLE_IDENTIFIER = dgut.ExampleTests;
				PRODUCT_NAME = "$(TARGET_NAME)";
				SWIFT_VERSION = 4.0;
				TARGETED_DEVICE_FAMILY = "1,2";
				TEST_HOST = "$(BUILT_PRODUCTS_DIR)/Example.app/Example";
			};
			name = Release;
		};
		3BA297DD20AEB0B4000BCB70 /* Debug */ = {
			isa = XCBuildConfiguration;
			buildSettings = {
				ALWAYS_EMBED_SWIFT_STANDARD_LIBRARIES = YES;
				CODE_SIGN_STYLE = Automatic;
				DEVELOPMENT_TEAM = E4N47T5ZS7;
				INFOPLIST_FILE = ExampleUITests/Info.plist;
				LD_RUNPATH_SEARCH_PATHS = (
					"$(inherited)",
					"@executable_path/Frameworks",
					"@loader_path/Frameworks",
				);
				PRODUCT_BUNDLE_IDENTIFIER = dgut.ExampleUITests;
				PRODUCT_NAME = "$(TARGET_NAME)";
				SWIFT_VERSION = 4.0;
				TARGETED_DEVICE_FAMILY = "1,2";
				TEST_TARGET_NAME = Example;
			};
			name = Debug;
		};
		3BA297DE20AEB0B4000BCB70 /* Release */ = {
			isa = XCBuildConfiguration;
			buildSettings = {
				ALWAYS_EMBED_SWIFT_STANDARD_LIBRARIES = YES;
				CODE_SIGN_STYLE = Automatic;
				DEVELOPMENT_TEAM = E4N47T5ZS7;
				INFOPLIST_FILE = ExampleUITests/Info.plist;
				LD_RUNPATH_SEARCH_PATHS = (
					"$(inherited)",
					"@executable_path/Frameworks",
					"@loader_path/Frameworks",
				);
				PRODUCT_BUNDLE_IDENTIFIER = dgut.ExampleUITests;
				PRODUCT_NAME = "$(TARGET_NAME)";
				SWIFT_VERSION = 4.0;
				TARGETED_DEVICE_FAMILY = "1,2";
				TEST_TARGET_NAME = Example;
			};
			name = Release;
		};
/* End XCBuildConfiguration section */

/* Begin XCConfigurationList section */
		3BA297A920AEB0B3000BCB70 /* Build configuration list for PBXProject "Example" */ = {
			isa = XCConfigurationList;
			buildConfigurations = (
				3BA297D420AEB0B4000BCB70 /* Debug */,
				3BA297D520AEB0B4000BCB70 /* Release */,
			);
			defaultConfigurationIsVisible = 0;
			defaultConfigurationName = Release;
		};
		3BA297D620AEB0B4000BCB70 /* Build configuration list for PBXNativeTarget "Example" */ = {
			isa = XCConfigurationList;
			buildConfigurations = (
				3BA297D720AEB0B4000BCB70 /* Debug */,
				3BA297D820AEB0B4000BCB70 /* Release */,
			);
			defaultConfigurationIsVisible = 0;
			defaultConfigurationName = Release;
		};
		3BA297D920AEB0B4000BCB70 /* Build configuration list for PBXNativeTarget "ExampleTests" */ = {
			isa = XCConfigurationList;
			buildConfigurations = (
				3BA297DA20AEB0B4000BCB70 /* Debug */,
				3BA297DB20AEB0B4000BCB70 /* Release */,
			);
			defaultConfigurationIsVisible = 0;
			defaultConfigurationName = Release;
		};
		3BA297DC20AEB0B4000BCB70 /* Build configuration list for PBXNativeTarget "ExampleUITests" */ = {
			isa = XCConfigurationList;
			buildConfigurations = (
				3BA297DD20AEB0B4000BCB70 /* Debug */,
				3BA297DE20AEB0B4000BCB70 /* Release */,
			);
			defaultConfigurationIsVisible = 0;
			defaultConfigurationName = Release;
		};
/* End XCConfigurationList section */
	};
	rootObject = 3BA297A620AEB0B3000BCB70 /* Project object */;
}
